
Microsoft Visual Studio Solution File, Format Version 12.00
# Visual Studio 15
VisualStudioVersion = 15.0.28307.757
MinimumVisualStudioVersion = 10.0.40219.1
Project("{FAE04EC0-301F-11D3-BF4B-00C04F79EFBC}") = "MyWebFoundation.Webserver", "MyWebFoundation.Webserver\MyWebFoundation.Webserver.csproj", "{2D2E9B8A-2D29-42D6-A533-757D88B255BE}"
EndProject
Project("{2150E333-8FDC-42A3-9474-1A3956D46DE8}") = "Common", "Common", "{839B536F-8232-439C-A17E-FC289904BDBA}"
EndProject
Project("{FAE04EC0-301F-11D3-BF4B-00C04F79EFBC}") = "MyWebFoundation.Framework", "MyWebFoundation.Framework\MyWebFoundation.Framework.csproj", "{00872321-2A9F-4AB5-8924-126B7ECCBF21}"
EndProject
Project("{2150E333-8FDC-42A3-9474-1A3956D46DE8}") = "DB", "DB", "{DE57239C-118D-43EE-80E5-B48D7915E776}"
EndProject
Project("{2150E333-8FDC-42A3-9474-1A3956D46DE8}") = "Sql", "Sql", "{203B04E4-2A87-4256-AE1F-8C6246D35306}"
EndProject
Project("{FAE04EC0-301F-11D3-BF4B-00C04F79EFBC}") = "MyWebFoundation.DB.Sql.IDAL", "MyWebFoundation.DB.Sql.IDAL\MyWebFoundation.DB.Sql.IDAL.csproj", "{662CC9D8-554C-4702-B7E4-ED4BAA516EA0}"
EndProject
Project("{FAE04EC0-301F-11D3-BF4B-00C04F79EFBC}") = "MyWebFoundation.DB.Sql.DAL", "MyWebFoundation.DB.Sql.DAL\MyWebFoundation.DB.Sql.DAL.csproj", "{EBB6A2F9-8A7F-44F5-B1E4-D32E84DE31DA}"
EndProject
Project("{2150E333-8FDC-42A3-9474-1A3956D46DE8}") = "EF", "EF", "{0D6CC911-A771-4230-8F5E-0EF66CA8E5A7}"
EndProject
Project("{FAE04EC0-301F-11D3-BF4B-00C04F79EFBC}") = "MyWebFoundation.UnitTest", "MyWebFoundation.UnitTest\MyWebFoundation.UnitTest.csproj", "{DBD5E9E9-7CB9-4965-BA8F-347F90155F83}"
EndProject
Project("{FAE04EC0-301F-11D3-BF4B-00C04F79EFBC}") = "MyWebFoundation.DB.EF", "MyWebFoundation.DB.EF\MyWebFoundation.DB.EF.csproj", "{73FDC41C-8914-4057-BBC4-E1E07D8174C8}"
EndProject
Project("{2150E333-8FDC-42A3-9474-1A3956D46DE8}") = "Bussiness", "Bussiness", "{7CEA7085-5C0F-47BD-A15B-CF910A9B52F3}"
EndProject
Project("{FAE04EC0-301F-11D3-BF4B-00C04F79EFBC}") = "MyWebFoundation.Test.Bussiness", "MyWebFoundation.Test.Bussiness\MyWebFoundation.Test.Bussiness.csproj", "{F7A711A7-BF2B-4758-939F-E2ACE5EF48F5}"
EndProject
Project("{FAE04EC0-301F-11D3-BF4B-00C04F79EFBC}") = "MyWebFoundation.Test.Interface", "MyWebFoundation.Test.Interface\MyWebFoundation.Test.Interface.csproj", "{DA7C7446-363B-46E7-A091-662AB86EC7D1}"
EndProject
Project("{FAE04EC0-301F-11D3-BF4B-00C04F79EFBC}") = "MyWebFoundation.Test.Data", "MyWebFoundation.Test.Data\MyWebFoundation.Test.Data.csproj", "{9D5A07F2-4195-4AB9-9483-717C82644400}"
EndProject
Project("{2150E333-8FDC-42A3-9474-1A3956D46DE8}") = "Dapper", "Dapper", "{1F387DF9-752F-40E0-B174-F28A84D196CB}"
EndProject
Project("{FAE04EC0-301F-11D3-BF4B-00C04F79EFBC}") = "MyWebFoundation.DB.Dapper", "MyWebFoundation.DB.Dapper\MyWebFoundation.DB.Dapper.csproj", "{C1460E31-51CF-4705-A303-12F036752190}"
EndProject
Global
	GlobalSection(SolutionConfigurationPlatforms) = preSolution
		Debug|Any CPU = Debug|Any CPU
		Release|Any CPU = Release|Any CPU
	EndGlobalSection
	GlobalSection(ProjectConfigurationPlatforms) = postSolution
		{2D2E9B8A-2D29-42D6-A533-757D88B255BE}.Debug|Any CPU.ActiveCfg = Debug|Any CPU
		{2D2E9B8A-2D29-42D6-A533-757D88B255BE}.Debug|Any CPU.Build.0 = Debug|Any CPU
		{2D2E9B8A-2D29-42D6-A533-757D88B255BE}.Release|Any CPU.ActiveCfg = Release|Any CPU
		{2D2E9B8A-2D29-42D6-A533-757D88B255BE}.Release|Any CPU.Build.0 = Release|Any CPU
		{00872321-2A9F-4AB5-8924-126B7ECCBF21}.Debug|Any CPU.ActiveCfg = Debug|Any CPU
		{00872321-2A9F-4AB5-8924-126B7ECCBF21}.Debug|Any CPU.Build.0 = Debug|Any CPU
		{00872321-2A9F-4AB5-8924-126B7ECCBF21}.Release|Any CPU.ActiveCfg = Release|Any CPU
		{00872321-2A9F-4AB5-8924-126B7ECCBF21}.Release|Any CPU.Build.0 = Release|Any CPU
		{662CC9D8-554C-4702-B7E4-ED4BAA516EA0}.Debug|Any CPU.ActiveCfg = Debug|Any CPU
		{662CC9D8-554C-4702-B7E4-ED4BAA516EA0}.Debug|Any CPU.Build.0 = Debug|Any CPU
		{662CC9D8-554C-4702-B7E4-ED4BAA516EA0}.Release|Any CPU.ActiveCfg = Release|Any CPU
		{662CC9D8-554C-4702-B7E4-ED4BAA516EA0}.Release|Any CPU.Build.0 = Release|Any CPU
		{EBB6A2F9-8A7F-44F5-B1E4-D32E84DE31DA}.Debug|Any CPU.ActiveCfg = Debug|Any CPU
		{EBB6A2F9-8A7F-44F5-B1E4-D32E84DE31DA}.Debug|Any CPU.Build.0 = Debug|Any CPU
		{EBB6A2F9-8A7F-44F5-B1E4-D32E84DE31DA}.Release|Any CPU.ActiveCfg = Release|Any CPU
		{EBB6A2F9-8A7F-44F5-B1E4-D32E84DE31DA}.Release|Any CPU.Build.0 = Release|Any CPU
		{DBD5E9E9-7CB9-4965-BA8F-347F90155F83}.Debug|Any CPU.ActiveCfg = Debug|Any CPU
		{DBD5E9E9-7CB9-4965-BA8F-347F90155F83}.Debug|Any CPU.Build.0 = Debug|Any CPU
		{DBD5E9E9-7CB9-4965-BA8F-347F90155F83}.Release|Any CPU.ActiveCfg = Release|Any CPU
		{DBD5E9E9-7CB9-4965-BA8F-347F90155F83}.Release|Any CPU.Build.0 = Release|Any CPU
		{73FDC41C-8914-4057-BBC4-E1E07D8174C8}.Debug|Any CPU.ActiveCfg = Debug|Any CPU
		{73FDC41C-8914-4057-BBC4-E1E07D8174C8}.Debug|Any CPU.Build.0 = Debug|Any CPU
		{73FDC41C-8914-4057-BBC4-E1E07D8174C8}.Release|Any CPU.ActiveCfg = Release|Any CPU
		{73FDC41C-8914-4057-BBC4-E1E07D8174C8}.Release|Any CPU.Build.0 = Release|Any CPU
		{F7A711A7-BF2B-4758-939F-E2ACE5EF48F5}.Debug|Any CPU.ActiveCfg = Debug|Any CPU
		{F7A711A7-BF2B-4758-939F-E2ACE5EF48F5}.Debug|Any CPU.Build.0 = Debug|Any CPU
		{F7A711A7-BF2B-4758-939F-E2ACE5EF48F5}.Release|Any CPU.ActiveCfg = Release|Any CPU
		{F7A711A7-BF2B-4758-939F-E2ACE5EF48F5}.Release|Any CPU.Build.0 = Release|Any CPU
		{DA7C7446-363B-46E7-A091-662AB86EC7D1}.Debug|Any CPU.ActiveCfg = Debug|Any CPU
		{DA7C7446-363B-46E7-A091-662AB86EC7D1}.Debug|Any CPU.Build.0 = Debug|Any CPU
		{DA7C7446-363B-46E7-A091-662AB86EC7D1}.Release|Any CPU.ActiveCfg = Release|Any CPU
		{DA7C7446-363B-46E7-A091-662AB86EC7D1}.Release|Any CPU.Build.0 = Release|Any CPU
		{9D5A07F2-4195-4AB9-9483-717C82644400}.Debug|Any CPU.ActiveCfg = Debug|Any CPU
		{9D5A07F2-4195-4AB9-9483-717C82644400}.Debug|Any CPU.Build.0 = Debug|Any CPU
		{9D5A07F2-4195-4AB9-9483-717C82644400}.Release|Any CPU.ActiveCfg = Release|Any CPU
		{9D5A07F2-4195-4AB9-9483-717C82644400}.Release|Any CPU.Build.0 = Release|Any CPU
		{C1460E31-51CF-4705-A303-12F036752190}.Debug|Any CPU.ActiveCfg = Debug|Any CPU
		{C1460E31-51CF-4705-A303-12F036752190}.Debug|Any CPU.Build.0 = Debug|Any CPU
		{C1460E31-51CF-4705-A303-12F036752190}.Release|Any CPU.ActiveCfg = Release|Any CPU
		{C1460E31-51CF-4705-A303-12F036752190}.Release|Any CPU.Build.0 = Release|Any CPU
	EndGlobalSection
	GlobalSection(SolutionProperties) = preSolution
		HideSolutionNode = FALSE
	EndGlobalSection
	GlobalSection(NestedProjects) = preSolution
		{00872321-2A9F-4AB5-8924-126B7ECCBF21} = {839B536F-8232-439C-A17E-FC289904BDBA}
		{203B04E4-2A87-4256-AE1F-8C6246D35306} = {DE57239C-118D-43EE-80E5-B48D7915E776}
		{662CC9D8-554C-4702-B7E4-ED4BAA516EA0} = {203B04E4-2A87-4256-AE1F-8C6246D35306}
		{EBB6A2F9-8A7F-44F5-B1E4-D32E84DE31DA} = {203B04E4-2A87-4256-AE1F-8C6246D35306}
		{0D6CC911-A771-4230-8F5E-0EF66CA8E5A7} = {DE57239C-118D-43EE-80E5-B48D7915E776}
		{73FDC41C-8914-4057-BBC4-E1E07D8174C8} = {0D6CC911-A771-4230-8F5E-0EF66CA8E5A7}
		{F7A711A7-BF2B-4758-939F-E2ACE5EF48F5} = {7CEA7085-5C0F-47BD-A15B-CF910A9B52F3}
		{DA7C7446-363B-46E7-A091-662AB86EC7D1} = {7CEA7085-5C0F-47BD-A15B-CF910A9B52F3}
		{9D5A07F2-4195-4AB9-9483-717C82644400} = {7CEA7085-5C0F-47BD-A15B-CF910A9B52F3}
		{1F387DF9-752F-40E0-B174-F28A84D196CB} = {DE57239C-118D-43EE-80E5-B48D7915E776}
		{C1460E31-51CF-4705-A303-12F036752190} = {1F387DF9-752F-40E0-B174-F28A84D196CB}
	EndGlobalSection
	GlobalSection(ExtensibilityGlobals) = postSolution
		SolutionGuid = {0A4AD225-BCBC-42EC-94CD-0BB685336855}
	EndGlobalSection
EndGlobal
